
Microsoft Visual Studio Solution File, Format Version 12.00
# Visual Studio Version 17
VisualStudioVersion = 17.14.36717.8
MinimumVisualStudioVersion = 10.0.40219.1
Project("{FAE04EC0-301F-11D3-BF4B-00C04F79EFBC}") = "Main", "Main\Main.csproj", "{BA4CB08F-8052-5894-1CFD-DB3672D65FFF}"
EndProject
Project("{FAE04EC0-301F-11D3-BF4B-00C04F79EFBC}") = "Lib", "Lib\Lib.csproj", "{97594868-6D78-0274-047F-2FC3453194BE}"
EndProject
Project("{2150E333-8FDC-42A3-9474-1A3956D46DE8}") = "build", "build", "{02EA681E-C7D8-13C7-8484-4AC65E1B71E8}"
	ProjectSection(SolutionItems) = preProject
		Directory.Build.props = Directory.Build.props
		Microsoft.Web.Publishing.targets = Microsoft.Web.Publishing.targets
		Microsoft.WebApplication.targets = Microsoft.WebApplication.targets
		WebApp.props = WebApp.props
	EndProjectSection
EndProject
Global
	GlobalSection(SolutionConfigurationPlatforms) = preSolution
		Debug|Any CPU = Debug|Any CPU
		Release|Any CPU = Release|Any CPU
	EndGlobalSection
	GlobalSection(ProjectConfigurationPlatforms) = postSolution
		{BA4CB08F-8052-5894-1CFD-DB3672D65FFF}.Debug|Any CPU.ActiveCfg = Debug|Any CPU
		{BA4CB08F-8052-5894-1CFD-DB3672D65FFF}.Debug|Any CPU.Build.0 = Debug|Any CPU
		{BA4CB08F-8052-5894-1CFD-DB3672D65FFF}.Release|Any CPU.ActiveCfg = Release|Any CPU
		{BA4CB08F-8052-5894-1CFD-DB3672D65FFF}.Release|Any CPU.Build.0 = Release|Any CPU
		{97594868-6D78-0274-047F-2FC3453194BE}.Debug|Any CPU.ActiveCfg = Debug|Any CPU
		{97594868-6D78-0274-047F-2FC3453194BE}.Debug|Any CPU.Build.0 = Debug|Any CPU
		{97594868-6D78-0274-047F-2FC3453194BE}.Release|Any CPU.ActiveCfg = Release|Any CPU
		{97594868-6D78-0274-047F-2FC3453194BE}.Release|Any CPU.Build.0 = Release|Any CPU
	EndGlobalSection
	GlobalSection(SolutionProperties) = preSolution
		HideSolutionNode = FALSE
	EndGlobalSection
	GlobalSection(ExtensibilityGlobals) = postSolution
		SolutionGuid = {D4A45114-D21F-4B56-8BD6-938E17391442}
	EndGlobalSection
EndGlobal
